
Microsoft Visual Studio Solution File, Format Version 12.00
# Visual Studio Version 17
VisualStudioVersion = 17.9.34714.143
MinimumVisualStudioVersion = 10.0.40219.1
Project("{FAE04EC0-301F-11D3-BF4B-00C04F79EFBC}") = "VendingMachine", "VendingMachine.csproj", "{CF3D45ED-B9D5-41F7-B7A3-35CC783F8E4A}"
EndProject
Project("{FAE04EC0-301F-11D3-BF4B-00C04F79EFBC}") = "VendingMachine.UnitTests", "..\VendingMachine.UnitTests\VendingMachine.UnitTests.csproj", "{F2A63BF7-0B92-4922-B4D0-FE40352A9074}"
EndProject
Project("{FAE04EC0-301F-11D3-BF4B-00C04F79EFBC}") = "VendingMachine.IntegrationTests", "..\VendingMachine.IntegrationTests\VendingMachine.IntegrationTests.csproj", "{1DB4EF31-A625-40B3-98BE-B22BE9828536}"
EndProject
Global
	GlobalSection(SolutionConfigurationPlatforms) = preSolution
		Debug|Any CPU = Debug|Any CPU
		Release|Any CPU = Release|Any CPU
	EndGlobalSection
	GlobalSection(ProjectConfigurationPlatforms) = postSolution
		{CF3D45ED-B9D5-41F7-B7A3-35CC783F8E4A}.Debug|Any CPU.ActiveCfg = Debug|Any CPU
		{CF3D45ED-B9D5-41F7-B7A3-35CC783F8E4A}.Debug|Any CPU.Build.0 = Debug|Any CPU
		{CF3D45ED-B9D5-41F7-B7A3-35CC783F8E4A}.Release|Any CPU.ActiveCfg = Release|Any CPU
		{CF3D45ED-B9D5-41F7-B7A3-35CC783F8E4A}.Release|Any CPU.Build.0 = Release|Any CPU
		{F2A63BF7-0B92-4922-B4D0-FE40352A9074}.Debug|Any CPU.ActiveCfg = Debug|Any CPU
		{F2A63BF7-0B92-4922-B4D0-FE40352A9074}.Debug|Any CPU.Build.0 = Debug|Any CPU
		{F2A63BF7-0B92-4922-B4D0-FE40352A9074}.Release|Any CPU.ActiveCfg = Release|Any CPU
		{F2A63BF7-0B92-4922-B4D0-FE40352A9074}.Release|Any CPU.Build.0 = Release|Any CPU
		{1DB4EF31-A625-40B3-98BE-B22BE9828536}.Debug|Any CPU.ActiveCfg = Debug|Any CPU
		{1DB4EF31-A625-40B3-98BE-B22BE9828536}.Debug|Any CPU.Build.0 = Debug|Any CPU
		{1DB4EF31-A625-40B3-98BE-B22BE9828536}.Release|Any CPU.ActiveCfg = Release|Any CPU
		{1DB4EF31-A625-40B3-98BE-B22BE9828536}.Release|Any CPU.Build.0 = Release|Any CPU
	EndGlobalSection
	GlobalSection(SolutionProperties) = preSolution
		HideSolutionNode = FALSE
	EndGlobalSection
	GlobalSection(ExtensibilityGlobals) = postSolution
		SolutionGuid = {05B73324-62AC-4FD3-8FBE-D5423FD42662}
	EndGlobalSection
EndGlobal
